github.com/addrummond/jsonstream v0.5.4 h1:ycKpUB6pQfXuZrPCgcqy2jEDXDpd4xlZkDkUtfhJvwU=
github.com/addrummond/jsonstream v0.5.4/go.mod h1:hBhIraf53ruaba7bkGyyefPbI3DZgmc2mULRlbpjLzk=
github.com/antchfx/jsonquery v1.3.2 h1:/BgHv1le9CCkqDe7t1x5BRlCg6DQmXTsztnMQFG5Hoc=
github.com/antchfx/jsonquery v1.3.2/go.mod h1:VsW9O/sNgHoUVvhoMEjR+opjIOjKOViNFTpAlxcI4Ws=
github.com/antchfx/xpath v1.2.3 h1:CCZWOzv5bAqjVv0offZ2LVgVYFbeldKQVuLNbViZdes=
github.com/antchfx/xpath v1.2.3/go.mod h1:i54GszH55fYfBmoZXapTHN8T8tkcHfRgLyVwwqzXNcs=
github.com/davecgh/go-spew v1.1.1 h1:vj9j/u1bqnvCEfJOwUhtlOARqs3+rkHYY13jYWTU97c=
github.com/davecgh/go-spew v1.1.1/go.mod h1:J7Y8YcW2NihsgmVo/mv3lAwl/skON4iLHjSsI+c5H38=
github.com/go-test/deep v1.1.1 h1:0r/53hagsehfO4bzD2Pgr/+RgHqhmf+k1Bpse2cTu1U=
github.com/go-test/deep v1.1.1/go.mod h1:5C2ZWiW0ErCdrYzpqxLbTX7MG14M9iiw8DgHncVwcsE=
github.com/golang/groupcache v0.0.0-20210331224755-41bb18bfe9da h1:oI5xCqsCo564l8iNU+DwB5epxmsaqB+rhGL0m5jtYqE=
github.com/golang/groupcache v0.0.0-20210331224755-41bb18bfe9da/go.mod h1:cIg4eruTrX1D+g88fzRXU5OdNfaM+9IcxsU14FzY7Hc=
